{
    "name": "project-match-taxonomy-selector",
    "version": "0.9.0",
    "lockfileVersion": 1,
    "requires": true,
    "dependencies": {
        "body-parser": {
            "version": "1.13.3",
            "resolved": "https://registry.npmjs.org/body-parser/-/body-parser-1.13.3.tgz",
            "integrity": "sha1-wIzzMMM1jhUQFqBXRvE/ApyX+pc="
        },
        "cookie-parser": {
            "version": "1.3.5",
            "resolved": "https://registry.npmjs.org/cookie-parser/-/cookie-parser-1.3.5.tgz",
            "integrity": "sha1-nXVVcPtdF4kHcSJ6AjFNm+fPg1Y="
        },
        "errorhandler": {
            "version": "1.4.3",
            "resolved": "https://registry.npmjs.org/errorhandler/-/errorhandler-1.4.3.tgz",
            "integrity": "sha1-t7cO2PNZ6duICS8tIMD4MUIK2D8="
        },
        "express": {
            "version": "4.13.4",
            "resolved": "https://registry.npmjs.org/express/-/express-4.13.4.tgz",
            "integrity": "sha1-PAt288d1kMg0VzkGHsC9O6Bn7CQ=",
            "dependencies": {
                "accepts": {
                    "version": "1.2.13",
                    "resolved": "https://registry.npmjs.org/accepts/-/accepts-1.2.13.tgz",
                    "integrity": "sha1-5fHzkoxtlf2WVYw27D2dDeSm7Oo="
                },
                "cookie": {
                    "version": "0.1.5",
                    "resolved": "https://registry.npmjs.org/cookie/-/cookie-0.1.5.tgz",
                    "integrity": "sha1-armUiksa4hlSzSWIUwpHItQETXw="
                },
                "depd": {
                    "version": "1.1.1",
                    "resolved": "https://registry.npmjs.org/depd/-/depd-1.1.1.tgz",
                    "integrity": "sha1-V4O04cRZ8G+lyif5kfPQbnoxA1k="
                },
                "negotiator": {
                    "version": "0.5.3",
                    "resolved": "https://registry.npmjs.org/negotiator/-/negotiator-0.5.3.tgz",
                    "integrity": "sha1-Jp1cR2gQ7JLtvntsLygxY4T5p+g="
                }
            }
        },
        "express-session": {
            "version": "1.11.3",
            "resolved": "https://registry.npmjs.org/express-session/-/express-session-1.11.3.tgz",
            "integrity": "sha1-XMmPP1/4Ttg1+Ry/CqvQxxB0AK8="
        },
        "handlebars": {
            "version": "4.5.3",
            "resolved": "https://registry.npmjs.org/handlebars/-/handlebars-4.5.3.tgz",
            "integrity": "sha512-3yPecJoJHK/4c6aZhSvxOyG4vJKDshV36VHp0iVCDVh7o9w2vwi3NSnL2MMPj3YdduqaBcu7cGbggJQM0br9xA==",
            "requires": {
                "neo-async": "^2.6.0",
                "optimist": "^0.6.1",
                "source-map": "^0.6.1",
                "uglify-js": "^3.1.4"
            }
        },
        "method-override": {
            "version": "2.3.10",
            "resolved": "https://registry.npmjs.org/method-override/-/method-override-2.3.10.tgz",
            "integrity": "sha1-49r41d7hDdLc59SuiNYrvud0drQ=",
            "dependencies": {
                "debug": {
                    "version": "2.6.9",
                    "resolved": "https://registry.npmjs.org/debug/-/debug-2.6.9.tgz",
                    "integrity": "sha512-bC7ElrdJaJnPbAP+1EotYvqZsb3ecl5wi6Bfi6BJTUcNowp6cvspg0jXznRTKDjm/E7AdgFBVeAPVMNcKGsHMA=="
                },
                "ms": {
                    "version": "2.0.0",
                    "resolved": "https://registry.npmjs.org/ms/-/ms-2.0.0.tgz",
                    "integrity": "sha1-VgiurfwAvmwpAd9fmGF4jeDVl8g="
                },
                "vary": {
                    "version": "1.1.2",
                    "resolved": "https://registry.npmjs.org/vary/-/vary-1.1.2.tgz",
                    "integrity": "sha1-IpnwLG3tMNSllhsLn3RSShj2NPw="
                }
            }
        },
        "minimist": {
            "version": "0.0.10",
            "resolved": "https://registry.npmjs.org/minimist/-/minimist-0.0.10.tgz",
            "integrity": "sha1-3j+YVD2/lggr5IrRoMfNqDYwHc8="
        },
        "multer": {
            "version": "0.1.8",
            "resolved": "https://registry.npmjs.org/multer/-/multer-0.1.8.tgz",
            "integrity": "sha1-VRuKYBUJNwG8rMlkkWsa4GV483s=",
            "dependencies": {
                "mime-db": {
                    "version": "1.12.0",
                    "resolved": "https://registry.npmjs.org/mime-db/-/mime-db-1.12.0.tgz",
                    "integrity": "sha1-PQxjGA9FjrENMlqqN9fFiuMS6dc="
                },
                "mime-types": {
                    "version": "2.0.14",
                    "resolved": "https://registry.npmjs.org/mime-types/-/mime-types-2.0.14.tgz",
                    "integrity": "sha1-MQ4VnbI+B3+Lsit0jav6SVcUCqY="
                },
                "qs": {
                    "version": "1.2.2",
                    "resolved": "https://registry.npmjs.org/qs/-/qs-1.2.2.tgz",
                    "integrity": "sha1-GbV/8k3CqZzh+L32r82ln472H4g="
                },
                "type-is": {
                    "version": "1.5.7",
                    "resolved": "https://registry.npmjs.org/type-is/-/type-is-1.5.7.tgz",
                    "integrity": "sha1-uTaKWTzG730GReeLL0xky+zQXpA="
                }
            }
        },
        "neo-async": {
            "version": "2.6.2",
            "resolved": "https://registry.npmjs.org/neo-async/-/neo-async-2.6.2.tgz",
            "integrity": "sha512-Yd3UES5mWCSqR+qNT93S3UoYUkqAZ9lLg8a7g9rimsWmYGK8cVToA4/sF3RrshdyV3sAGMXVUmpMYOw+dLpOuw=="
        },
        "optimist": {
            "version": "0.6.1",
            "resolved": "https://registry.npmjs.org/optimist/-/optimist-0.6.1.tgz",
            "integrity": "sha1-2j6nRob6IaGaERwybpDrFaAZZoY=",
            "requires": {
                "minimist": "~0.0.1",
                "wordwrap": "~0.0.2"
            }
        },
        "path": {
            "version": "0.11.14",
            "resolved": "https://registry.npmjs.org/path/-/path-0.11.14.tgz",
            "integrity": "sha1-y8dWk1XLPIOv60rOQ+z/lSMeWn0="
        },
        "serve-favicon": {
            "version": "2.3.2",
            "resolved": "https://registry.npmjs.org/serve-favicon/-/serve-favicon-2.3.2.tgz",
            "integrity": "sha1-3UGeJo3gEqtysxnTN/IQUBP5OB8=",
            "dependencies": {
                "ms": {
                    "version": "0.7.2",
                    "resolved": "https://registry.npmjs.org/ms/-/ms-0.7.2.tgz",
                    "integrity": "sha1-riXPJRKziFodldfwN4aNhDESR2U="
                }
            }
        },
        "source-map": {
            "version": "0.6.1",
            "resolved": "https://registry.npmjs.org/source-map/-/source-map-0.6.1.tgz",
            "integrity": "sha512-UjgapumWlbMhkBgzT7Ykc5YXUT46F0iKu8SGXq0bcwP5dz/h0Plj6enJqjz1Zbq2l5WaqYnrVbwWOWMyF3F47g=="
        },
        "uglify-js": {
            "version": "3.10.3",
            "resolved": "https://registry.npmjs.org/uglify-js/-/uglify-js-3.10.3.tgz",
            "integrity": "sha512-Lh00i69Uf6G74mvYpHCI9KVVXLcHW/xu79YTvH7Mkc9zyKUeSPz0owW0dguj0Scavns3ZOh3wY63J0Zb97Za2g==",
            "optional": true
        },
        "urlize": {
            "version": "0.2.1",
            "resolved": "https://registry.npmjs.org/urlize/-/urlize-0.2.1.tgz",
            "integrity": "sha1-D87IYu6wvA9t2ec9e1AOcb1oN8g="
        },
        "winston": {
            "version": "1.0.2",
            "resolved": "https://registry.npmjs.org/winston/-/winston-1.0.2.tgz",
            "integrity": "sha1-NRxY4jI/ikyimkUZWqmqO0w1128=",
            "dependencies": {
                "async": {
                    "version": "1.0.0",
                    "resolved": "https://registry.npmjs.org/async/-/async-1.0.0.tgz",
                    "integrity": "sha1-+PwEyjoTeErenhZBr5hXjPvWR6k="
                }
            }
        },
        "wordwrap": {
            "version": "0.0.3",
            "resolved": "https://registry.npmjs.org/wordwrap/-/wordwrap-0.0.3.tgz",
            "integrity": "sha1-o9XabNXAvAAI03I0u68b7WMFkQc="
        }
    }
}
